{
  "name": "nano-npm",
  "version": "1.0.0",
  "lockfileVersion": 3,
  "requires": true,
  "packages": {
    "": {
      "dependencies": {
        "nano-memoize": "3.0.10"
      }
    },
    "node_modules/nano-memoize": {
      "version": "3.0.10",
      "resolved": "https://registry.npmjs.org/nano-memoize/-/nano-memoize-3.0.10.tgz",
      "integrity": "sha512-OHpd5WfdzZvrJeJsdZfiu3s06p5NeI9v9qOjWgeRwZmEF8mVTgj/SU2eQvXC6NmEIaFwOIIWeoEgMQ6FxFFi1g=="
    }
  }
}
